lockfileVersion: '9.0'

settings:
  autoInstallPeers: true
  excludeLinksFromLockfile: false

importers:

  .:
    devDependencies:
      prettier:
        specifier: ^3.3.3
        version: 3.9.6
      turbo:
        specifier: ^2.1.0
        version: 2.10.12
      typescript:
        specifier: ^5.5.4
        version: 5.9.3

  apps/web:
    dependencies:
      '@agent-os/agent-core':
        specifier: workspace:*
        version: link:../../packages/agent-core
      '@agent-os/database':
        specifier: workspace:*
        version: link:../../packages/database
      '@agent-os/shared':
        specifier: workspace:*
        version: link:../../packages/shared
      '@tanstack/react-query':
        specifier: ^5.51.0
        version: 5.102.8(react@18.3.1)
      class-variance-authority:
        specifier: ^0.7.0
        version: 0.7.1
      clsx:
        specifier: ^2.1.1
        version: 2.1.1
      lucide-react:
        specifier: ^0.424.0
        version: 0.424.0(react@18.3.1)
      next:
        specifier: ^14.2.5
        version: 14.2.35(react-dom@18.3.1(react@18.3.1))(react@18.3.1)
      react:
        specifier: ^18.3.1
        version: 18.3.1
      react-dom:
        specifier: ^18.3.1
        version: 18.3.1(react@18.3.1)
      tailwind-merge:
        specifier: ^2.4.0
        version: 2.6.1
      zod:
        specifier: ^3.23.8
        version: 3.25.76
      zustand:
        specifier: ^4.5.4
        version: 4.5.7(@types/react@18.3.31)(react@18.3.1)
    devDependencies:
      '@types/node':
        specifier: ^20.14.0
        version: 20.19.43
      '@types/react':
        specifier: ^18.3.3
        version: 18.3.31
      '@types/react-dom':
        specifier: ^18.3.0
        version: 18.3.7(@types/react@18.3.31)
      autoprefixer:
        specifier: ^10.4.19
        version: 10.5.5(postcss@8.5.28)
      postcss:
        specifier: ^8.4.39
        version: 8.5.28
      tailwindcss:
        specifier: ^3.4.6
        version: 3.4.19
      typescript:
        specifier: ^5.5.4
        version: 5.9.3

  packages/agent-core:
    dependencies:
      '@agent-os/shared':
        specifier: workspace:*
        version: link:../shared
      zod:
        specifier: ^3.23.8
        version: 3.25.76
    devDependencies:
      typescript:
        specifier: ^5.5.4
        version: 5.9.3

  packages/database:
    dependencies:
      '@prisma/client':
        specifier: ^5.19.0
        version: 5.22.0(prisma@5.22.0)
    devDependencies:
      prisma:
        specifier: ^5.19.0
        version: 5.22.0
      typescript:
        specifier: ^5.5.4
        version: 5.9.3

  packages/shared:
    dependencies:
      zod:
        specifier: ^3.23.8
        version: 3.25.76
    devDependencies:
      typescript:
        specifier: ^5.5.4
        version: 5.9.3
